  - RxCocoa (5.1.1):
    - RxRelay (~> 5)
    - RxSwift (~> 5)
  - RxRelay (5.1.1):
    - RxSwift (~> 5)
  - RxSwift (5.1.1)
  - SDWebImage (5.8.2):
    - SDWebImage/Core (= 5.8.2)
  - SnapKit (5.0.1)
  - Starscream (3.1.1)
  - StreamChat (2.2.5):
    - Nuke (~> 8.4)
    - RxGesture (~> 3.0)
    - SnapKit (~> 5.0)
    - SwiftyGif (~> 5.2.0)
  - StreamChatClient (2.2.5):
  - StreamChatCore (2.2.5):
    - RxCocoa (~> 5.1)
    - StreamChatClient (= 2.2.5)
  - SwiftyGif (5.2.0)
  - VoxeetSDK (2.4.0)
  - VoxeetUXKit (1.3.4):
    - SDWebImage (~> 5.0)
    - VoxeetSDK (~> 2.0)

DEPENDENCIES:

SPEC REPOS:
  trunk:
    - Nuke
    - RxCocoa
    - RxGesture
    - RxRelay
    - RxSwift
    - SDWebImage
    - SnapKit
    - StreamChat
    - StreamChatClient
    - SwiftyGif
    - VoxeetUXKit
  RxGesture: d6bd7447ca3a596c7a9702a6a2b6a2bb5d8bae54
  RxSwift: 81470a2074fa8780320ea5fe4102807cb7118178
  SDWebImage: f923a89d7344af399ba77b87a523ae747408207a
  SwiftyGif: b85c6b33a9411859d9e1db998b6a8214aea942df
  VoxeetSDK: 44b67623efdb5d681223482abc245c6a8ab9a9e9
PODFILE CHECKSUM: 47de70c3032dccd51e6c77430bd9ae1c748e644f

COCOAPODS: 1.9.3